
Microsoft Visual Studio Solution File, Format Version 12.00
# Visual Studio Version 16
VisualStudioVersion = 16.0.31624.102
MinimumVisualStudioVersion = 10.0.40219.1
Project("{FAE04EC0-301F-11D3-BF4B-00C04F79EFBC}") = "sharp_bitmap", "sharp_bitmap.csproj", "{EFCA8535-BC44-4935-BEE6-7199E0B00736}"
EndProject
Global
	GlobalSection(SolutionConfigurationPlatforms) = preSolution
		Debug|Any CPU = Debug|Any CPU
		Release|Any CPU = Release|Any CPU
	EndGlobalSection
	GlobalSection(ProjectConfigurationPlatforms) = postSolution
		{EFCA8535-BC44-4935-BEE6-7199E0B00736}.Debug|Any CPU.ActiveCfg = Debug|Any CPU
		{EFCA8535-BC44-4935-BEE6-7199E0B00736}.Debug|Any CPU.Build.0 = Debug|Any CPU
		{EFCA8535-BC44-4935-BEE6-7199E0B00736}.Release|Any CPU.ActiveCfg = Release|Any CPU
		{EFCA8535-BC44-4935-BEE6-7199E0B00736}.Release|Any CPU.Build.0 = Release|Any CPU
	EndGlobalSection
	GlobalSection(SolutionProperties) = preSolution
		HideSolutionNode = FALSE
	EndGlobalSection
	GlobalSection(ExtensibilityGlobals) = postSolution
		SolutionGuid = {0A4CD16E-5454-4129-BB49-19B81448BF3E}
	EndGlobalSection
EndGlobal
